// !$*UTF8*$!
{
	archiveVersion = 1;
	classes = {
	};
	objectVersion = 56;
	objects = {

/* Begin PBXBuildFile section */
		F49A61F92B5722AE00E82E75 /* ImagesListCell.swift in Sources */ = {isa = PBXBuildFile; fileRef = F49A61F82B5722AE00E82E75 /* ImagesListCell.swift */; };
		F4F8D5222B694883004F031A /* ProfileViewController.swift in Sources */ = {isa = PBXBuildFile; fileRef = F4F8D5212B694883004F031A /* ProfileViewController.swift */; };
		F4F8D5252B7267FD004F031A /* SingleImageViewController.swift in Sources */ = {isa = PBXBuildFile; fileRef = F4F8D5242B7267FC004F031A /* SingleImageViewController.swift */; };
		F4F8D5292B84F870004F031A /* YS Display-Bold.ttf in Resources */ = {isa = PBXBuildFile; fileRef = F4F8D5272B84F86F004F031A /* YS Display-Bold.ttf */; };
		F4F8D52A2B84F870004F031A /* YS Display-Medium.ttf in Resources */ = {isa = PBXBuildFile; fileRef = F4F8D5282B84F86F004F031A /* YS Display-Medium.ttf */; };
		F4F8D52C2B89019D004F031A /* Constants.swift in Sources */ = {isa = PBXBuildFile; fileRef = F4F8D52B2B89019D004F031A /* Constants.swift */; };
		F4F8D52F2B8A6AAE004F031A /* AuthViewController.swift in Sources */ = {isa = PBXBuildFile; fileRef = F4F8D52E2B8A6AAE004F031A /* AuthViewController.swift */; };
		F4F8D5312B8A74FC004F031A /* WebViewViewController.swift in Sources */ = {isa = PBXBuildFile; fileRef = F4F8D5302B8A74FC004F031A /* WebViewViewController.swift */; };
		F4FCD64F2B3DB82300D6D088 /* AppDelegate.swift in Sources */ = {isa = PBXBuildFile; fileRef = F4FCD64E2B3DB82300D6D088 /* AppDelegate.swift */; };
		F4FCD6512B3DB82300D6D088 /* SceneDelegate.swift in Sources */ = {isa = PBXBuildFile; fileRef = F4FCD6502B3DB82300D6D088 /* SceneDelegate.swift */; };
		F4FCD6532B3DB82300D6D088 /* ImagesListViewController.swift in Sources */ = {isa = PBXBuildFile; fileRef = F4FCD6522B3DB82300D6D088 /* ImagesListViewController.swift */; };
		F4FCD6562B3DB82300D6D088 /* Main.storyboard in Resources */ = {isa = PBXBuildFile; fileRef = F4FCD6542B3DB82300D6D088 /* Main.storyboard */; };
		F4FCD6582B3DB82400D6D088 /* Assets.xcassets in Resources */ = {isa = PBXBuildFile; fileRef = F4FCD6572B3DB82400D6D088 /* Assets.xcassets */; };
		F4FCD65B2B3DB82400D6D088 /* LaunchScreen.storyboard in Resources */ = {isa = PBXBuildFile; fileRef = F4FCD6592B3DB82400D6D088 /* LaunchScreen.storyboard */; };
		F4FCD6662B3DB82500D6D088 /* ImageFeedTests.swift in Sources */ = {isa = PBXBuildFile; fileRef = F4FCD6652B3DB82500D6D088 /* ImageFeedTests.swift */; };
		F4FCD6702B3DB82500D6D088 /* ImageFeedUITests.swift in Sources */ = {isa = PBXBuildFile; fileRef = F4FCD66F2B3DB82500D6D088 /* ImageFeedUITests.swift */; };
		F4FCD6722B3DB82500D6D088 /* ImageFeedUITestsLaunchTests.swift in Sources */ = {isa = PBXBuildFile; fileRef = F4FCD6712B3DB82500D6D088 /* ImageFeedUITestsLaunchTests.swift */; };
/* End PBXBuildFile section */

/* Begin PBXContainerItemProxy section */
		F4FCD6622B3DB82500D6D088 /* PBXContainerItemProxy */ = {
			isa = PBXContainerItemProxy;
			containerPortal = F4FCD6432B3DB82300D6D088 /* Project object */;
			proxyType = 1;
			remoteGlobalIDString = F4FCD64A2B3DB82300D6D088;
			remoteInfo = ImageFeed;
		};
		F4FCD66C2B3DB82500D6D088 /* PBXContainerItemProxy */ = {
			isa = PBXContainerItemProxy;
			containerPortal = F4FCD6432B3DB82300D6D088 /* Project object */;
			proxyType = 1;
			remoteGlobalIDString = F4FCD64A2B3DB82300D6D088;
			remoteInfo = ImageFeed;
		};
/* End PBXContainerItemProxy section */

/* Begin PBXFileReference section */
		F49A61F82B5722AE00E82E75 /* ImagesListCell.swift */ = {isa = PBXFileReference; lastKnownFileType = sourcecode.swift; path = ImagesListCell.swift; sourceTree = "<group>"; };
		F4F8D5212B694883004F031A /* ProfileViewController.swift */ = {isa = PBXFileReference; lastKnownFileType = sourcecode.swift; path = ProfileViewController.swift; sourceTree = "<group>"; };
		F4F8D5242B7267FC004F031A /* SingleImageViewController.swift */ = {isa = PBXFileReference; lastKnownFileType = sourcecode.swift; path = SingleImageViewController.swift; sourceTree = "<group>"; };
		F4F8D5272B84F86F004F031A /* YS Display-Bold.ttf */ = {isa = PBXFileReference; lastKnownFileType = file; path = "YS Display-Bold.ttf"; sourceTree = "<group>"; };
		F4F8D5282B84F86F004F031A /* YS Display-Medium.ttf */ = {isa = PBXFileReference; lastKnownFileType = file; path = "YS Display-Medium.ttf"; sourceTree = "<group>"; };
		F4F8D52B2B89019D004F031A /* Constants.swift */ = {isa = PBXFileReference; lastKnownFileType = sourcecode.swift; path = Constants.swift; sourceTree = "<group>"; };
		F4F8D52E2B8A6AAE004F031A /* AuthViewController.swift */ = {isa = PBXFileReference; lastKnownFileType = sourcecode.swift; path = AuthViewController.swift; sourceTree = "<group>"; };
		F4F8D5302B8A74FC004F031A /* WebViewViewController.swift */ = {isa = PBXFileReference; lastKnownFileType = sourcecode.swift; path = WebViewViewController.swift; sourceTree = "<group>"; };
		F4FCD64B2B3DB82300D6D088 /* ImageFeed.app */ = {isa = PBXFileReference; explicitFileType = wrapper.application; includeInIndex = 0; path = ImageFeed.app; sourceTree = BUILT_PRODUCTS_DIR; };
		F4FCD64E2B3DB82300D6D088 /* AppDelegate.swift */ = {isa = PBXFileReference; lastKnownFileType = sourcecode.swift; path = AppDelegate.swift; sourceTree = "<group>"; };
		F4FCD6502B3DB82300D6D088 /* SceneDelegate.swift */ = {isa = PBXFileReference; lastKnownFileType = sourcecode.swift; path = SceneDelegate.swift; sourceTree = "<group>"; };
		F4FCD6522B3DB82300D6D088 /* ImagesListViewController.swift */ = {isa = PBXFileReference; lastKnownFileType = sourcecode.swift; path = ImagesListViewController.swift; sourceTree = "<group>"; };
		F4FCD6552B3DB82300D6D088 /* Base */ = {isa = PBXFileReference; lastKnownFileType = file.storyboard; name = Base; path = Base.lproj/Main.storyboard; sourceTree = "<group>"; };
		F4FCD6572B3DB82400D6D088 /* Assets.xcassets */ = {isa = PBXFileReference; lastKnownFileType = folder.assetcatalog; path = Assets.xcassets; sourceTree = "<group>"; };
		F4FCD65A2B3DB82400D6D088 /* Base */ = {isa = PBXFileReference; lastKnownFileType = file.storyboard; name = Base; path = Base.lproj/LaunchScreen.storyboard; sourceTree = "<group>"; };
		F4FCD65C2B3DB82400D6D088 /* Info.plist */ = {isa = PBXFileReference; lastKnownFileType = text.plist.xml; path = Info.plist; sourceTree = "<group>"; };
		F4FCD6612B3DB82500D6D088 /* ImageFeedTests.xctest */ = {isa = PBXFileReference; explicitFileType = wrapper.cfbundle; includeInIndex = 0; path = ImageFeedTests.xctest; sourceTree = BUILT_PRODUCTS_DIR; };
		F4FCD6652B3DB82500D6D088 /* ImageFeedTests.swift */ = {isa = PBXFileReference; lastKnownFileType = sourcecode.swift; path = ImageFeedTests.swift; sourceTree = "<group>"; };
		F4FCD66B2B3DB82500D6D088 /* ImageFeedUITests.xctest */ = {isa = PBXFileReference; explicitFileType = wrapper.cfbundle; includeInIndex = 0; path = ImageFeedUITests.xctest; sourceTree = BUILT_PRODUCTS_DIR; };
		F4FCD66F2B3DB82500D6D088 /* ImageFeedUITests.swift */ = {isa = PBXFileReference; lastKnownFileType = sourcecode.swift; path = ImageFeedUITests.swift; sourceTree = "<group>"; };
		F4FCD6712B3DB82500D6D088 /* ImageFeedUITestsLaunchTests.swift */ = {isa = PBXFileReference; lastKnownFileType = sourcecode.swift; path = ImageFeedUITestsLaunchTests.swift; sourceTree = "<group>"; };
/* End PBXFileReference section */

/* Begin PBXFrameworksBuildPhase section */
		F4FCD6482B3DB82300D6D088 /* Frameworks */ = {
			isa = PBXFrameworksBuildPhase;
			buildActionMask = 2147483647;
			files = (
			);
			runOnlyForDeploymentPostprocessing = 0;
		};
		F4FCD65E2B3DB82500D6D088 /* Frameworks */ = {
			isa = PBXFrameworksBuildPhase;
			buildActionMask = 2147483647;
			files = (
			);
			runOnlyForDeploymentPostprocessing = 0;
		};
		F4FCD6682B3DB82500D6D088 /* Frameworks */ = {
			isa = PBXFrameworksBuildPhase;
			buildActionMask = 2147483647;
			files = (
			);
			runOnlyForDeploymentPostprocessing = 0;
		};
/* End PBXFrameworksBuildPhase section */

/* Begin PBXGroup section */
		F49A61FA2B57F27D00E82E75 /* ImagesList */ = {
			isa = PBXGroup;
			children = (
				F4FCD6522B3DB82300D6D088 /* ImagesListViewController.swift */,
				F49A61F82B5722AE00E82E75 /* ImagesListCell.swift */,
			);
			path = ImagesList;
			sourceTree = "<group>";
		};
		F4BBAFE12B51639F000B350B /* Resources */ = {
			isa = PBXGroup;
			children = (
				F4F8D5262B84F75D004F031A /* YYS Display */,
				F4FCD6592B3DB82400D6D088 /* LaunchScreen.storyboard */,
				F4FCD6572B3DB82400D6D088 /* Assets.xcassets */,
				F4FCD65C2B3DB82400D6D088 /* Info.plist */,
			);
			path = Resources;
			sourceTree = "<group>";
		};
		F4F8D5202B69484E004F031A /* Profile */ = {
			isa = PBXGroup;
			children = (
				F4F8D5212B694883004F031A /* ProfileViewController.swift */,
			);
			path = Profile;
			sourceTree = "<group>";
		};
		F4F8D5232B7267BA004F031A /* SingleImage */ = {
			isa = PBXGroup;
			children = (
				F4F8D5242B7267FC004F031A /* SingleImageViewController.swift */,
			);
			path = SingleImage;
			sourceTree = "<group>";
		};
		F4F8D5262B84F75D004F031A /* YYS Display */ = {
			isa = PBXGroup;
			children = (
				F4F8D5272B84F86F004F031A /* YS Display-Bold.ttf */,
				F4F8D5282B84F86F004F031A /* YS Display-Medium.ttf */,
			);
			path = "YYS Display";
			sourceTree = "<group>";
		};
		F4F8D52D2B8A6A7E004F031A /* Auth */ = {
			isa = PBXGroup;
			children = (
				F4F8D52E2B8A6AAE004F031A /* AuthViewController.swift */,
				F4F8D5302B8A74FC004F031A /* WebViewViewController.swift */,
			);
			path = Auth;
			sourceTree = "<group>";
		};
		F4FCD6422B3DB82300D6D088 = {
			isa = PBXGroup;
			children = (
				F4FCD64D2B3DB82300D6D088 /* ImageFeed */,
				F4FCD6642B3DB82500D6D088 /* ImageFeedTests */,
				F4FCD66E2B3DB82500D6D088 /* ImageFeedUITests */,
				F4FCD64C2B3DB82300D6D088 /* Products */,
			);
			sourceTree = "<group>";
		};
		F4FCD64C2B3DB82300D6D088 /* Products */ = {
			isa = PBXGroup;
			children = (
				F4FCD64B2B3DB82300D6D088 /* ImageFeed.app */,
				F4FCD6612B3DB82500D6D088 /* ImageFeedTests.xctest */,
				F4FCD66B2B3DB82500D6D088 /* ImageFeedUITests.xctest */,
			);
			name = Products;
			sourceTree = "<group>";
		};
		F4FCD64D2B3DB82300D6D088 /* ImageFeed */ = {
			isa = PBXGroup;
			children = (
				F4FCD64E2B3DB82300D6D088 /* AppDelegate.swift */,
				F4FCD6502B3DB82300D6D088 /* SceneDelegate.swift */,
				F4F8D52B2B89019D004F031A /* Constants.swift */,
				F4F8D52D2B8A6A7E004F031A /* Auth */,
				F4F8D5232B7267BA004F031A /* SingleImage */,
				F4F8D5202B69484E004F031A /* Profile */,
				F49A61FA2B57F27D00E82E75 /* ImagesList */,
				F4FCD6542B3DB82300D6D088 /* Main.storyboard */,
				F4BBAFE12B51639F000B350B /* Resources */,
			);
			path = ImageFeed;
			sourceTree = "<group>";
		};
		F4FCD6642B3DB82500D6D088 /* ImageFeedTests */ = {
			isa = PBXGroup;
			children = (
				F4FCD6652B3DB82500D6D088 /* ImageFeedTests.swift */,
			);
			path = ImageFeedTests;
			sourceTree = "<group>";
		};
		F4FCD66E2B3DB82500D6D088 /* ImageFeedUITests */ = {
			isa = PBXGroup;
			children = (
				F4FCD66F2B3DB82500D6D088 /* ImageFeedUITests.swift */,
				F4FCD6712B3DB82500D6D088 /* ImageFeedUITestsLaunchTests.swift */,
			);
			path = ImageFeedUITests;
			sourceTree = "<group>";
		};
/* End PBXGroup section */

/* Begin PBXNativeTarget section */
		F4FCD64A2B3DB82300D6D088 /* ImageFeed */ = {
			isa = PBXNativeTarget;
			buildConfigurationList = F4FCD6752B3DB82500D6D088 /* Build configuration list for PBXNativeTarget "ImageFeed" */;
			buildPhases = (
				F4FCD6472B3DB82300D6D088 /* Sources */,
				F4FCD6482B3DB82300D6D088 /* Frameworks */,
				F4FCD6492B3DB82300D6D088 /* Resources */,
			);
			buildRules = (
			);
			dependencies = (
			);
			name = ImageFeed;
			productName = ImageFeed;
			productReference = F4FCD64B2B3DB82300D6D088 /* ImageFeed.app */;
			productType = "com.apple.product-type.application";
		};
		F4FCD6602B3DB82500D6D088 /* ImageFeedTests */ = {
			isa = PBXNativeTarget;
			buildConfigurationList = F4FCD6782B3DB82500D6D088 /* Build configuration list for PBXNativeTarget "ImageFeedTests" */;
			buildPhases = (
				F4FCD65D2B3DB82500D6D088 /* Sources */,
				F4FCD65E2B3DB82500D6D088 /* Frameworks */,
				F4FCD65F2B3DB82500D6D088 /* Resources */,
			);
			buildRules = (
			);
			dependencies = (
				F4FCD6632B3DB82500D6D088 /* PBXTargetDependency */,
			);
			name = ImageFeedTests;
			productName = ImageFeedTests;
			productReference = F4FCD6612B3DB82500D6D088 /* ImageFeedTests.xctest */;
			productType = "com.apple.product-type.bundle.unit-test";
		};
		F4FCD66A2B3DB82500D6D088 /* ImageFeedUITests */ = {
			isa = PBXNativeTarget;
			buildConfigurationList = F4FCD67B2B3DB82500D6D088 /* Build configuration list for PBXNativeTarget "ImageFeedUITests" */;
			buildPhases = (
				F4FCD6672B3DB82500D6D088 /* Sources */,
				F4FCD6682B3DB82500D6D088 /* Frameworks */,
				F4FCD6692B3DB82500D6D088 /* Resources */,
			);
			buildRules = (
			);
			dependencies = (
				F4FCD66D2B3DB82500D6D088 /* PBXTargetDependency */,
			);
			name = ImageFeedUITests;
			productName = ImageFeedUITests;
			productReference = F4FCD66B2B3DB82500D6D088 /* ImageFeedUITests.xctest */;
			productType = "com.apple.product-type.bundle.ui-testing";
		};
/* End PBXNativeTarget section */

/* Begin PBXProject section */
		F4FCD6432B3DB82300D6D088 /* Project object */ = {
			isa = PBXProject;
			attributes = {
				BuildIndependentTargetsInParallel = 1;
				LastSwiftUpdateCheck = 1430;
				LastUpgradeCheck = 1430;
				TargetAttributes = {
					F4FCD64A2B3DB82300D6D088 = {
						CreatedOnToolsVersion = 14.3.1;
					};
					F4FCD6602B3DB82500D6D088 = {
						CreatedOnToolsVersion = 14.3.1;
						TestTargetID = F4FCD64A2B3DB82300D6D088;
					};
					F4FCD66A2B3DB82500D6D088 = {
						CreatedOnToolsVersion = 14.3.1;
						TestTargetID = F4FCD64A2B3DB82300D6D088;
					};
				};
			};
			buildConfigurationList = F4FCD6462B3DB82300D6D088 /* Build configuration list for PBXProject "ImageFeed" */;
			compatibilityVersion = "Xcode 14.0";
			developmentRegion = en;
			hasScannedForEncodings = 0;
			knownRegions = (
				en,
				Base,
			);
			mainGroup = F4FCD6422B3DB82300D6D088;
			productRefGroup = F4FCD64C2B3DB82300D6D088 /* Products */;
			projectDirPath = "";
			projectRoot = "";
			targets = (
				F4FCD64A2B3DB82300D6D088 /* ImageFeed */,
				F4FCD6602B3DB82500D6D088 /* ImageFeedTests */,
				F4FCD66A2B3DB82500D6D088 /* ImageFeedUITests */,
			);
		};
/* End PBXProject section */

/* Begin PBXResourcesBuildPhase section */
		F4FCD6492B3DB82300D6D088 /* Resources */ = {
			isa = PBXResourcesBuildPhase;
			buildActionMask = 2147483647;
			files = (
				F4FCD65B2B3DB82400D6D088 /* LaunchScreen.storyboard in Resources */,
				F4FCD6582B3DB82400D6D088 /* Assets.xcassets in Resources */,
				F4FCD6562B3DB82300D6D088 /* Main.storyboard in Resources */,
				F4F8D5292B84F870004F031A /* YS Display-Bold.ttf in Resources */,
				F4F8D52A2B84F870004F031A /* YS Display-Medium.ttf in Resources */,
			);
			runOnlyForDeploymentPostprocessing = 0;
		};
		F4FCD65F2B3DB82500D6D088 /* Resources */ = {
			isa = PBXResourcesBuildPhase;
			buildActionMask = 2147483647;
			files = (
			);
			runOnlyForDeploymentPostprocessing = 0;
		};
		F4FCD6692B3DB82500D6D088 /* Resources */ = {
			isa = PBXResourcesBuildPhase;
			buildActionMask = 2147483647;
			files = (
			);
			runOnlyForDeploymentPostprocessing = 0;
		};
/* End PBXResourcesBuildPhase section */

/* Begin PBXSourcesBuildPhase section */
		F4FCD6472B3DB82300D6D088 /* Sources */ = {
			isa = PBXSourcesBuildPhase;
			buildActionMask = 2147483647;
			files = (
				F4FCD6532B3DB82300D6D088 /* ImagesListViewController.swift in Sources */,
				F49A61F92B5722AE00E82E75 /* ImagesListCell.swift in Sources */,
				F4F8D5222B694883004F031A /* ProfileViewController.swift in Sources */,
				F4FCD64F2B3DB82300D6D088 /* AppDelegate.swift in Sources */,
				F4F8D52F2B8A6AAE004F031A /* AuthViewController.swift in Sources */,
				F4F8D52C2B89019D004F031A /* Constants.swift in Sources */,
				F4F8D5252B7267FD004F031A /* SingleImageViewController.swift in Sources */,
				F4F8D5312B8A74FC004F031A /* WebViewViewController.swift in Sources */,
				F4FCD6512B3DB82300D6D088 /* SceneDelegate.swift in Sources */,
			);
			runOnlyForDeploymentPostprocessing = 0;
		};
		F4FCD65D2B3DB82500D6D088 /* Sources */ = {
			isa = PBXSourcesBuildPhase;
			buildActionMask = 2147483647;
			files = (
				F4FCD6662B3DB82500D6D088 /* ImageFeedTests.swift in Sources */,
			);
			runOnlyForDeploymentPostprocessing = 0;
		};
		F4FCD6672B3DB82500D6D088 /* Sources */ = {
			isa = PBXSourcesBuildPhase;
			buildActionMask = 2147483647;
			files = (
				F4FCD6722B3DB82500D6D088 /* ImageFeedUITestsLaunchTests.swift in Sources */,
				F4FCD6702B3DB82500D6D088 /* ImageFeedUITests.swift in Sources */,
			);
			runOnlyForDeploymentPostprocessing = 0;
		};
/* End PBXSourcesBuildPhase section */

/* Begin PBXTargetDependency section */
		F4FCD6632B3DB82500D6D088 /* PBXTargetDependency */ = {
			isa = PBXTargetDependency;
			target = F4FCD64A2B3DB82300D6D088 /* ImageFeed */;
			targetProxy = F4FCD6622B3DB82500D6D088 /* PBXContainerItemProxy */;
		};
		F4FCD66D2B3DB82500D6D088 /* PBXTargetDependency */ = {
			isa = PBXTargetDependency;
			target = F4FCD64A2B3DB82300D6D088 /* ImageFeed */;
			targetProxy = F4FCD66C2B3DB82500D6D088 /* PBXContainerItemProxy */;
		};
/* End PBXTargetDependency section */

/* Begin PBXVariantGroup section */
		F4FCD6542B3DB82300D6D088 /* Main.storyboard */ = {
			isa = PBXVariantGroup;
			children = (
				F4FCD6552B3DB82300D6D088 /* Base */,
			);
			name = Main.storyboard;
			sourceTree = "<group>";
		};
		F4FCD6592B3DB82400D6D088 /* LaunchScreen.storyboard */ = {
			isa = PBXVariantGroup;
			children = (
				F4FCD65A2B3DB82400D6D088 /* Base */,
			);
			name = LaunchScreen.storyboard;
			sourceTree = "<group>";
		};
/* End PBXVariantGroup section */

/* Begin XCBuildConfiguration section */
		F4FCD6732B3DB82500D6D088 /* Debug */ = {
			isa = XCBuildConfiguration;
			buildSettings = {
				ALWAYS_SEARCH_USER_PATHS = NO;
				CLANG_ANALYZER_NONNULL = YES;
				CLANG_ANALYZER_NUMBER_OBJECT_CONVERSION = YES_AGGRESSIVE;
				CLANG_CXX_LANGUAGE_STANDARD = "gnu++20";
				CLANG_ENABLE_MODULES = YES;
				CLANG_ENABLE_OBJC_ARC = YES;
				CLANG_ENABLE_OBJC_WEAK = YES;
				CLANG_WARN_BLOCK_CAPTURE_AUTORELEASING = YES;
				CLANG_WARN_BOOL_CONVERSION = YES;
				CLANG_WARN_COMMA = YES;
				CLANG_WARN_CONSTANT_CONVERSION = YES;
				CLANG_WARN_DEPRECATED_OBJC_IMPLEMENTATIONS = YES;
				CLANG_WARN_DIRECT_OBJC_ISA_USAGE = YES_ERROR;
				CLANG_WARN_DOCUMENTATION_COMMENTS = YES;
				CLANG_WARN_EMPTY_BODY = YES;
				CLANG_WARN_ENUM_CONVERSION = YES;
				CLANG_WARN_INFINITE_RECURSION = YES;
				CLANG_WARN_INT_CONVERSION = YES;
				CLANG_WARN_NON_LITERAL_NULL_CONVERSION = YES;
				CLANG_WARN_OBJC_IMPLICIT_RETAIN_SELF = YES;
				CLANG_WARN_OBJC_LITERAL_CONVERSION = YES;
				CLANG_WARN_OBJC_ROOT_CLASS = YES_ERROR;
				CLANG_WARN_QUOTED_INCLUDE_IN_FRAMEWORK_HEADER = YES;
				CLANG_WARN_RANGE_LOOP_ANALYSIS = YES;
				CLANG_WARN_STRICT_PROTOTYPES = YES;
				CLANG_WARN_SUSPICIOUS_MOVE = YES;
				CLANG_WARN_UNGUARDED_AVAILABILITY = YES_AGGRESSIVE;
				CLANG_WARN_UNREACHABLE_CODE = YES;
				CLANG_WARN__DUPLICATE_METHOD_MATCH = YES;
				COPY_PHASE_STRIP = NO;
				DEBUG_INFORMATION_FORMAT = dwarf;
				ENABLE_STRICT_OBJC_MSGSEND = YES;
				ENABLE_TESTABILITY = YES;
				GCC_C_LANGUAGE_STANDARD = gnu11;
				GCC_DYNAMIC_NO_PIC = NO;
				GCC_NO_COMMON_BLOCKS = YES;
				GCC_OPTIMIZATION_LEVEL = 0;
				GCC_PREPROCESSOR_DEFINITIONS = (
					"DEBUG=1",
					"$(inherited)",
				);
				GCC_WARN_64_TO_32_BIT_CONVERSION = YES;
				GCC_WARN_ABOUT_RETURN_TYPE = YES_ERROR;
				GCC_WARN_UNDECLARED_SELECTOR = YES;
				GCC_WARN_UNINITIALIZED_AUTOS = YES_AGGRESSIVE;
				GCC_WARN_UNUSED_FUNCTION = YES;
				GCC_WARN_UNUSED_VARIABLE = YES;
				IPHONEOS_DEPLOYMENT_TARGET = 13.0;
				MTL_ENABLE_DEBUG_INFO = INCLUDE_SOURCE;
				MTL_FAST_MATH = YES;
				ONLY_ACTIVE_ARCH = YES;
				SDKROOT = iphoneos;
				SWIFT_ACTIVE_COMPILATION_CONDITIONS = DEBUG;
				SWIFT_OPTIMIZATION_LEVEL = "-Onone";
			};
			name = Debug;
		};
		F4FCD6742B3DB82500D6D088 /* Release */ = {
			isa = XCBuildConfiguration;
			buildSettings = {
				ALWAYS_SEARCH_USER_PATHS = NO;
				CLANG_ANALYZER_NONNULL = YES;
				CLANG_ANALYZER_NUMBER_OBJECT_CONVERSION = YES_AGGRESSIVE;
				CLANG_CXX_LANGUAGE_STANDARD = "gnu++20";
				CLANG_ENABLE_MODULES = YES;
				CLANG_ENABLE_OBJC_ARC = YES;
				CLANG_ENABLE_OBJC_WEAK = YES;
				CLANG_WARN_BLOCK_CAPTURE_AUTORELEASING = YES;
				CLANG_WARN_BOOL_CONVERSION = YES;
				CLANG_WARN_COMMA = YES;
				CLANG_WARN_CONSTANT_CONVERSION = YES;
				CLANG_WARN_DEPRECATED_OBJC_IMPLEMENTATIONS = YES;
				CLANG_WARN_DIRECT_OBJC_ISA_USAGE = YES_ERROR;
				CLANG_WARN_DOCUMENTATION_COMMENTS = YES;
				CLANG_WARN_EMPTY_BODY = YES;
				CLANG_WARN_ENUM_CONVERSION = YES;
				CLANG_WARN_INFINITE_RECURSION = YES;
				CLANG_WARN_INT_CONVERSION = YES;
				CLANG_WARN_NON_LITERAL_NULL_CONVERSION = YES;
				CLANG_WARN_OBJC_IMPLICIT_RETAIN_SELF = YES;
				CLANG_WARN_OBJC_LITERAL_CONVERSION = YES;
				CLANG_WARN_OBJC_ROOT_CLASS = YES_ERROR;
				CLANG_WARN_QUOTED_INCLUDE_IN_FRAMEWORK_HEADER = YES;
				CLANG_WARN_RANGE_LOOP_ANALYSIS = YES;
				CLANG_WARN_STRICT_PROTOTYPES = YES;
				CLANG_WARN_SUSPICIOUS_MOVE = YES;
				CLANG_WARN_UNGUARDED_AVAILABILITY = YES_AGGRESSIVE;
				CLANG_WARN_UNREACHABLE_CODE = YES;
				CLANG_WARN__DUPLICATE_METHOD_MATCH = YES;
				COPY_PHASE_STRIP = NO;
				DEBUG_INFORMATION_FORMAT = "dwarf-with-dsym";
				ENABLE_NS_ASSERTIONS = NO;
				ENABLE_STRICT_OBJC_MSGSEND = YES;
				GCC_C_LANGUAGE_STANDARD = gnu11;
				GCC_NO_COMMON_BLOCKS = YES;
				GCC_WARN_64_TO_32_BIT_CONVERSION = YES;
				GCC_WARN_ABOUT_RETURN_TYPE = YES_ERROR;
				GCC_WARN_UNDECLARED_SELECTOR = YES;
				GCC_WARN_UNINITIALIZED_AUTOS = YES_AGGRESSIVE;
				GCC_WARN_UNUSED_FUNCTION = YES;
				GCC_WARN_UNUSED_VARIABLE = YES;
				IPHONEOS_DEPLOYMENT_TARGET = 13.0;
				MTL_ENABLE_DEBUG_INFO = NO;
				MTL_FAST_MATH = YES;
				SDKROOT = iphoneos;
				SWIFT_COMPILATION_MODE = wholemodule;
				SWIFT_OPTIMIZATION_LEVEL = "-O";
				VALIDATE_PRODUCT = YES;
			};
			name = Release;
		};
		F4FCD6762B3DB82500D6D088 /* Debug */ = {
			isa = XCBuildConfiguration;
			buildSettings = {
				ASSETCATALOG_COMPILER_APPICON_NAME = AppIcon;
				ASSETCATALOG_COMPILER_GLOBAL_ACCENT_COLOR_NAME = AccentColor;
				CODE_SIGN_STYLE = Automatic;
				CURRENT_PROJECT_VERSION = 1;
				DEVELOPMENT_TEAM = 95YVVQ2463;
				GENERATE_INFOPLIST_FILE = YES;
				INFOPLIST_FILE = ImageFeed/Resources/Info.plist;
				INFOPLIST_KEY_UIApplicationSupportsIndirectInputEvents = YES;
				INFOPLIST_KEY_UILaunchStoryboardName = LaunchScreen;
				INFOPLIST_KEY_UIMainStoryboardFile = Main;
				INFOPLIST_KEY_UISupportedInterfaceOrientations = UIInterfaceOrientationPortrait;
				INFOPLIST_KEY_UISupportedInterfaceOrientations_iPad = "UIInterfaceOrientationLandscapeLeft UIInterfaceOrientationLandscapeRight UIInterfaceOrientationPortraitUpsideDown";
				IPHONEOS_DEPLOYMENT_TARGET = 13.0;
				LD_RUNPATH_SEARCH_PATHS = (
					"$(inherited)",
					"@executable_path/Frameworks",
				);
				MARKETING_VERSION = 1.0;
				PRODUCT_BUNDLE_IDENTIFIER = "ru.yandex.practicum.Krassav4ik-777.ImageFeed";
				PRODUCT_NAME = "$(TARGET_NAME)";
				SUPPORTED_PLATFORMS = "iphoneos iphonesimulator";
				SUPPORTS_MACCATALYST = NO;
				SUPPORTS_MAC_DESIGNED_FOR_IPHONE_IPAD = YES;
				SWIFT_EMIT_LOC_STRINGS = YES;
				SWIFT_VERSION = 5.0;
				TARGETED_DEVICE_FAMILY = 1;
			};
			name = Debug;
		};
		F4FCD6772B3DB82500D6D088 /* Release */ = {
			isa = XCBuildConfiguration;
			buildSettings = {
				ASSETCATALOG_COMPILER_APPICON_NAME = AppIcon;
				ASSETCATALOG_COMPILER_GLOBAL_ACCENT_COLOR_NAME = AccentColor;
				CODE_SIGN_STYLE = Automatic;
				CURRENT_PROJECT_VERSION = 1;
				DEVELOPMENT_TEAM = 95YVVQ2463;
				GENERATE_INFOPLIST_FILE = YES;
				INFOPLIST_FILE = ImageFeed/Resources/Info.plist;
				INFOPLIST_KEY_UIApplicationSupportsIndirectInputEvents = YES;
				INFOPLIST_KEY_UILaunchStoryboardName = LaunchScreen;
				INFOPLIST_KEY_UIMainStoryboardFile = Main;
				INFOPLIST_KEY_UISupportedInterfaceOrientations = UIInterfaceOrientationPortrait;
				INFOPLIST_KEY_UISupportedInterfaceOrientations_iPad = "UIInterfaceOrientationLandscapeLeft UIInterfaceOrientationLandscapeRight UIInterfaceOrientationPortraitUpsideDown";
				IPHONEOS_DEPLOYMENT_TARGET = 13.0;
				LD_RUNPATH_SEARCH_PATHS = (
					"$(inherited)",
					"@executable_path/Frameworks",
				);
				MARKETING_VERSION = 1.0;
				PRODUCT_BUNDLE_IDENTIFIER = "ru.yandex.practicum.Krassav4ik-777.ImageFeed";
				PRODUCT_NAME = "$(TARGET_NAME)";
				SUPPORTED_PLATFORMS = "iphoneos iphonesimulator";
				SUPPORTS_MACCATALYST = NO;
				SUPPORTS_MAC_DESIGNED_FOR_IPHONE_IPAD = YES;
				SWIFT_EMIT_LOC_STRINGS = YES;
				SWIFT_VERSION = 5.0;
				TARGETED_DEVICE_FAMILY = 1;
			};
			name = Release;
		};
		F4FCD6792B3DB82500D6D088 /* Debug */ = {
			isa = XCBuildConfiguration;
			buildSettings = {
				ALWAYS_EMBED_SWIFT_STANDARD_LIBRARIES = YES;
				BUNDLE_LOADER = "$(TEST_HOST)";
				CODE_SIGN_STYLE = Automatic;
				CURRENT_PROJECT_VERSION = 1;
				DEVELOPMENT_TEAM = 95YVVQ2463;
				GENERATE_INFOPLIST_FILE = YES;
				IPHONEOS_DEPLOYMENT_TARGET = 13.0;
				MARKETING_VERSION = 1.0;
				PRODUCT_BUNDLE_IDENTIFIER = "ru.yandex.practicum.Krassav4ik-777.ImageFeedTests";
				PRODUCT_NAME = "$(TARGET_NAME)";
				SWIFT_EMIT_LOC_STRINGS = NO;
				SWIFT_VERSION = 5.0;
				TARGETED_DEVICE_FAMILY = "1,2";
				TEST_HOST = "$(BUILT_PRODUCTS_DIR)/ImageFeed.app/$(BUNDLE_EXECUTABLE_FOLDER_PATH)/ImageFeed";
			};
			name = Debug;
		};
		F4FCD67A2B3DB82500D6D088 /* Release */ = {
			isa = XCBuildConfiguration;
			buildSettings = {
				ALWAYS_EMBED_SWIFT_STANDARD_LIBRARIES = YES;
				BUNDLE_LOADER = "$(TEST_HOST)";
				CODE_SIGN_STYLE = Automatic;
				CURRENT_PROJECT_VERSION = 1;
				DEVELOPMENT_TEAM = 95YVVQ2463;
				GENERATE_INFOPLIST_FILE = YES;
				IPHONEOS_DEPLOYMENT_TARGET = 13.0;
				MARKETING_VERSION = 1.0;
				PRODUCT_BUNDLE_IDENTIFIER = "ru.yandex.practicum.Krassav4ik-777.ImageFeedTests";
				PRODUCT_NAME = "$(TARGET_NAME)";
				SWIFT_EMIT_LOC_STRINGS = NO;
				SWIFT_VERSION = 5.0;
				TARGETED_DEVICE_FAMILY = "1,2";
				TEST_HOST = "$(BUILT_PRODUCTS_DIR)/ImageFeed.app/$(BUNDLE_EXECUTABLE_FOLDER_PATH)/ImageFeed";
			};
			name = Release;
		};
		F4FCD67C2B3DB82500D6D088 /* Debug */ = {
			isa = XCBuildConfiguration;
			buildSettings = {
				ALWAYS_EMBED_SWIFT_STANDARD_LIBRARIES = YES;
				CODE_SIGN_STYLE = Automatic;
				CURRENT_PROJECT_VERSION = 1;
				DEVELOPMENT_TEAM = 95YVVQ2463;
				GENERATE_INFOPLIST_FILE = YES;
				IPHONEOS_DEPLOYMENT_TARGET = 13.0;
				MARKETING_VERSION = 1.0;
				PRODUCT_BUNDLE_IDENTIFIER = "ru.yandex.practicum.Krassav4ik-777.ImageFeedUITests";
				PRODUCT_NAME = "$(TARGET_NAME)";
				SWIFT_EMIT_LOC_STRINGS = NO;
				SWIFT_VERSION = 5.0;
				TARGETED_DEVICE_FAMILY = "1,2";
				TEST_TARGET_NAME = ImageFeed;
			};
			name = Debug;
		};
		F4FCD67D2B3DB82500D6D088 /* Release */ = {
			isa = XCBuildConfiguration;
			buildSettings = {
				ALWAYS_EMBED_SWIFT_STANDARD_LIBRARIES = YES;
				CODE_SIGN_STYLE = Automatic;
				CURRENT_PROJECT_VERSION = 1;
				DEVELOPMENT_TEAM = 95YVVQ2463;
				GENERATE_INFOPLIST_FILE = YES;
				IPHONEOS_DEPLOYMENT_TARGET = 13.0;
				MARKETING_VERSION = 1.0;
				PRODUCT_BUNDLE_IDENTIFIER = "ru.yandex.practicum.Krassav4ik-777.ImageFeedUITests";
				PRODUCT_NAME = "$(TARGET_NAME)";
				SWIFT_EMIT_LOC_STRINGS = NO;
				SWIFT_VERSION = 5.0;
				TARGETED_DEVICE_FAMILY = "1,2";
				TEST_TARGET_NAME = ImageFeed;
			};
			name = Release;
		};
/* End XCBuildConfiguration section */

/* Begin XCConfigurationList section */
		F4FCD6462B3DB82300D6D088 /* Build configuration list for PBXProject "ImageFeed" */ = {
			isa = XCConfigurationList;
			buildConfigurations = (
				F4FCD6732B3DB82500D6D088 /* Debug */,
				F4FCD6742B3DB82500D6D088 /* Release */,
			);
			defaultConfigurationIsVisible = 0;
			defaultConfigurationName = Release;
		};
		F4FCD6752B3DB82500D6D088 /* Build configuration list for PBXNativeTarget "ImageFeed" */ = {
			isa = XCConfigurationList;
			buildConfigurations = (
				F4FCD6762B3DB82500D6D088 /* Debug */,
				F4FCD6772B3DB82500D6D088 /* Release */,
			);
			defaultConfigurationIsVisible = 0;
			defaultConfigurationName = Release;
		};
		F4FCD6782B3DB82500D6D088 /* Build configuration list for PBXNativeTarget "ImageFeedTests" */ = {
			isa = XCConfigurationList;
			buildConfigurations = (
				F4FCD6792B3DB82500D6D088 /* Debug */,
				F4FCD67A2B3DB82500D6D088 /* Release */,
			);
			defaultConfigurationIsVisible = 0;
			defaultConfigurationName = Release;
		};
		F4FCD67B2B3DB82500D6D088 /* Build configuration list for PBXNativeTarget "ImageFeedUITests" */ = {
			isa = XCConfigurationList;
			buildConfigurations = (
				F4FCD67C2B3DB82500D6D088 /* Debug */,
				F4FCD67D2B3DB82500D6D088 /* Release */,
			);
			defaultConfigurationIsVisible = 0;
			defaultConfigurationName = Release;
		};
/* End XCConfigurationList section */
	};
	rootObject = F4FCD6432B3DB82300D6D088 /* Project object */;
}
